// !$*UTF8*$!
{
	archiveVersion = 1;
	classes = {
	};
	objectVersion = 50;
	objects = {

/* Begin PBXBuildFile section */
		07E97E1C4ACCE2E86F3E334A /* Pods_Media_LEI.framework in Frameworks */ = {isa = PBXBuildFile; fileRef = 13E174DB9C4AB51500B869B6 /* Pods_Media_LEI.framework */; };
		8032C84B2072A13700B26789 /* AppDelegate.swift in Sources */ = {isa = PBXBuildFile; fileRef = 8032C84A2072A13700B26789 /* AppDelegate.swift */; };
		8032C8502072A13700B26789 /* Main.storyboard in Resources */ = {isa = PBXBuildFile; fileRef = 8032C84E2072A13700B26789 /* Main.storyboard */; };
		8032C8522072A13800B26789 /* Assets.xcassets in Resources */ = {isa = PBXBuildFile; fileRef = 8032C8512072A13800B26789 /* Assets.xcassets */; };
		8032C8552072A13800B26789 /* LaunchScreen.storyboard in Resources */ = {isa = PBXBuildFile; fileRef = 8032C8532072A13800B26789 /* LaunchScreen.storyboard */; };
		8032C85D2072A22500B26789 /* UnidadeCurricular.swift in Sources */ = {isa = PBXBuildFile; fileRef = 8032C85C2072A22500B26789 /* UnidadeCurricular.swift */; };
		8032C85F2072F4AF00B26789 /* LEI.json in Resources */ = {isa = PBXBuildFile; fileRef = 8032C85E2072F4AF00B26789 /* LEI.json */; };
		8032C8612072F71500B26789 /* MenuViewController.swift in Sources */ = {isa = PBXBuildFile; fileRef = 8032C8602072F71500B26789 /* MenuViewController.swift */; };
/* End PBXBuildFile section */

/* Begin PBXFileReference section */
		13E174DB9C4AB51500B869B6 /* Pods_Media_LEI.framework */ = {isa = PBXFileReference; explicitFileType = wrapper.framework; includeInIndex = 0; path = Pods_Media_LEI.framework; sourceTree = BUILT_PRODUCTS_DIR; };
		8032C8472072A13700B26789 /* Media_LEI.app */ = {isa = PBXFileReference; explicitFileType = wrapper.application; includeInIndex = 0; path = Media_LEI.app; sourceTree = BUILT_PRODUCTS_DIR; };
		8032C84A2072A13700B26789 /* AppDelegate.swift */ = {isa = PBXFileReference; lastKnownFileType = sourcecode.swift; path = AppDelegate.swift; sourceTree = "<group>"; };
		8032C84F2072A13700B26789 /* Base */ = {isa = PBXFileReference; lastKnownFileType = file.storyboard; name = Base; path = Base.lproj/Main.storyboard; sourceTree = "<group>"; };
		8032C8512072A13800B26789 /* Assets.xcassets */ = {isa = PBXFileReference; lastKnownFileType = folder.assetcatalog; path = Assets.xcassets; sourceTree = "<group>"; };
		8032C8542072A13800B26789 /* Base */ = {isa = PBXFileReference; lastKnownFileType = file.storyboard; name = Base; path = Base.lproj/LaunchScreen.storyboard; sourceTree = "<group>"; };
		8032C8562072A13800B26789 /* Info.plist */ = {isa = PBXFileReference; lastKnownFileType = text.plist.xml; path = Info.plist; sourceTree = "<group>"; };
		8032C85C2072A22500B26789 /* UnidadeCurricular.swift */ = {isa = PBXFileReference; lastKnownFileType = sourcecode.swift; path = UnidadeCurricular.swift; sourceTree = "<group>"; };
		8032C85E2072F4AF00B26789 /* LEI.json */ = {isa = PBXFileReference; fileEncoding = 4; lastKnownFileType = text.json; name = LEI.json; path = ../../../LEI.json; sourceTree = "<group>"; };
		8032C8602072F71500B26789 /* MenuViewController.swift */ = {isa = PBXFileReference; lastKnownFileType = sourcecode.swift; path = MenuViewController.swift; sourceTree = "<group>"; };
		D377B2BF3385FA0777FF2633 /* Pods-Media_LEI.debug.xcconfig */ = {isa = PBXFileReference; includeInIndex = 1; lastKnownFileType = text.xcconfig; name = "Pods-Media_LEI.debug.xcconfig"; path = "Pods/Target Support Files/Pods-Media_LEI/Pods-Media_LEI.debug.xcconfig"; sourceTree = "<group>"; };
		DB65358CC16383349DB3CAD3 /* Pods-Media_LEI.release.xcconfig */ = {isa = PBXFileReference; includeInIndex = 1; lastKnownFileType = text.xcconfig; name = "Pods-Media_LEI.release.xcconfig"; path = "Pods/Target Support Files/Pods-Media_LEI/Pods-Media_LEI.release.xcconfig"; sourceTree = "<group>"; };
/* End PBXFileReference section */

/* Begin PBXFrameworksBuildPhase section */
		8032C8442072A13700B26789 /* Frameworks */ = {
			isa = PBXFrameworksBuildPhase;
			buildActionMask = 2147483647;
			files = (
				07E97E1C4ACCE2E86F3E334A /* Pods_Media_LEI.framework in Frameworks */,
			);
			runOnlyForDeploymentPostprocessing = 0;
		};
/* End PBXFrameworksBuildPhase section */

/* Begin PBXGroup section */
		35099A36180493FB1FADA974 /* Frameworks */ = {
			isa = PBXGroup;
			children = (
				13E174DB9C4AB51500B869B6 /* Pods_Media_LEI.framework */,
			);
			name = Frameworks;
			sourceTree = "<group>";
		};
		8032C83E2072A13700B26789 = {
			isa = PBXGroup;
			children = (
				8032C8492072A13700B26789 /* Media_LEI */,
				8032C8482072A13700B26789 /* Products */,
				9980E126F07DB71AC8A4F940 /* Pods */,
				35099A36180493FB1FADA974 /* Frameworks */,
			);
			sourceTree = "<group>";
		};
		8032C8482072A13700B26789 /* Products */ = {
			isa = PBXGroup;
			children = (
				8032C8472072A13700B26789 /* Media_LEI.app */,
			);
			name = Products;
			sourceTree = "<group>";
		};
		8032C8492072A13700B26789 /* Media_LEI */ = {
			isa = PBXGroup;
			children = (
				8032C85E2072F4AF00B26789 /* LEI.json */,
				8032C84A2072A13700B26789 /* AppDelegate.swift */,
				8032C84E2072A13700B26789 /* Main.storyboard */,
				8032C8512072A13800B26789 /* Assets.xcassets */,
				8032C8532072A13800B26789 /* LaunchScreen.storyboard */,
				8032C8562072A13800B26789 /* Info.plist */,
				8032C85C2072A22500B26789 /* UnidadeCurricular.swift */,
				8032C8602072F71500B26789 /* MenuViewController.swift */,
			);
			path = Media_LEI;
			sourceTree = "<group>";
		};
		9980E126F07DB71AC8A4F940 /* Pods */ = {
			isa = PBXGroup;
			children = (
				D377B2BF3385FA0777FF2633 /* Pods-Media_LEI.debug.xcconfig */,
				DB65358CC16383349DB3CAD3 /* Pods-Media_LEI.release.xcconfig */,
			);
			name = Pods;
			sourceTree = "<group>";
		};
/* End PBXGroup section */

/* Begin PBXNativeTarget section */
		8032C8462072A13700B26789 /* Media_LEI */ = {
			isa = PBXNativeTarget;
			buildConfigurationList = 8032C8592072A13800B26789 /* Build configuration list for PBXNativeTarget "Media_LEI" */;
			buildPhases = (
				7FDE4B8CE5A9635F07FE0011 /* [CP] Check Pods Manifest.lock */,
				8032C8432072A13700B26789 /* Sources */,
				8032C8442072A13700B26789 /* Frameworks */,
				8032C8452072A13700B26789 /* Resources */,
				E7683E0B5B3469C0900A658B /* [CP] Embed Pods Frameworks */,
				114223525518EE7781CD9DC9 /* [CP] Copy Pods Resources */,
			);
			buildRules = (
			);
			dependencies = (
			);
			name = Media_LEI;
			productName = Media_LEI;
			productReference = 8032C8472072A13700B26789 /* Media_LEI.app */;
			productType = "com.apple.product-type.application";
		};
/* End PBXNativeTarget section */

/* Begin PBXProject section */
		8032C83F2072A13700B26789 /* Project object */ = {
			isa = PBXProject;
			attributes = {
				LastSwiftUpdateCheck = 0930;
				LastUpgradeCheck = 0930;
				ORGANIZATIONNAME = iClio;
				TargetAttributes = {
					8032C8462072A13700B26789 = {
						CreatedOnToolsVersion = 9.3;
					};
				};
			};
			buildConfigurationList = 8032C8422072A13700B26789 /* Build configuration list for PBXProject "Media_LEI" */;
			compatibilityVersion = "Xcode 9.3";
			developmentRegion = en;
			hasScannedForEncodings = 0;
			knownRegions = (
				en,
				Base,
			);
			mainGroup = 8032C83E2072A13700B26789;
			productRefGroup = 8032C8482072A13700B26789 /* Products */;
			projectDirPath = "";
			projectRoot = "";
			targets = (
				8032C8462072A13700B26789 /* Media_LEI */,
			);
		};
/* End PBXProject section */

/* Begin PBXResourcesBuildPhase section */
		8032C8452072A13700B26789 /* Resources */ = {
			isa = PBXResourcesBuildPhase;
			buildActionMask = 2147483647;
			files = (
				8032C8552072A13800B26789 /* LaunchScreen.storyboard in Resources */,
				8032C8522072A13800B26789 /* Assets.xcassets in Resources */,
				8032C85F2072F4AF00B26789 /* LEI.json in Resources */,
				8032C8502072A13700B26789 /* Main.storyboard in Resources */,
			);
			runOnlyForDeploymentPostprocessing = 0;
		};
/* End PBXResourcesBuildPhase section */

/* Begin PBXShellScriptBuildPhase section */
		114223525518EE7781CD9DC9 /* [CP] Copy Pods Resources */ = {
			isa = PBXShellScriptBuildPhase;
			buildActionMask = 2147483647;
			files = (
			);
			inputPaths = (
			);
			name = "[CP] Copy Pods Resources";
			outputPaths = (
			);
			runOnlyForDeploymentPostprocessing = 0;
			shellPath = /bin/sh;
			shellScript = "\"${SRCROOT}/Pods/Target Support Files/Pods-Media_LEI/Pods-Media_LEI-resources.sh\"\n";
			showEnvVarsInLog = 0;
		};
		7FDE4B8CE5A9635F07FE0011 /* [CP] Check Pods Manifest.lock */ = {
			isa = PBXShellScriptBuildPhase;
			buildActionMask = 2147483647;
			files = (
			);
			inputPaths = (
				"${PODS_PODFILE_DIR_PATH}/Podfile.lock",
				"${PODS_ROOT}/Manifest.lock",
			);
			name = "[CP] Check Pods Manifest.lock";
			outputPaths = (
				"$(DERIVED_FILE_DIR)/Pods-Media_LEI-checkManifestLockResult.txt",
			);
			runOnlyForDeploymentPostprocessing = 0;
			shellPath = /bin/sh;
			shellScript = "diff \"${PODS_PODFILE_DIR_PATH}/Podfile.lock\" \"${PODS_ROOT}/Manifest.lock\" > /dev/null\nif [ $? != 0 ] ; then\n    # print error to STDERR\n    echo \"error: The sandbox is not in sync with the Podfile.lock. Run 'pod install' or update your CocoaPods installation.\" >&2\n    exit 1\nfi\n# This output is used by Xcode 'outputs' to avoid re-running this script phase.\necho \"SUCCESS\" > \"${SCRIPT_OUTPUT_FILE_0}\"\n";
			showEnvVarsInLog = 0;
		};
		E7683E0B5B3469C0900A658B /* [CP] Embed Pods Frameworks */ = {
			isa = PBXShellScriptBuildPhase;
			buildActionMask = 2147483647;
			files = (
			);
			inputPaths = (
				"${SRCROOT}/Pods/Target Support Files/Pods-Media_LEI/Pods-Media_LEI-frameworks.sh",
				"${BUILT_PRODUCTS_DIR}/SwiftyJSON/SwiftyJSON.framework",
			);
			name = "[CP] Embed Pods Frameworks";
			outputPaths = (
				"${TARGET_BUILD_DIR}/${FRAMEWORKS_FOLDER_PATH}/SwiftyJSON.framework",
			);
			runOnlyForDeploymentPostprocessing = 0;
			shellPath = /bin/sh;
			shellScript = "\"${SRCROOT}/Pods/Target Support Files/Pods-Media_LEI/Pods-Media_LEI-frameworks.sh\"\n";
			showEnvVarsInLog = 0;
		};
/* End PBXShellScriptBuildPhase section */

/* Begin PBXSourcesBuildPhase section */
		8032C8432072A13700B26789 /* Sources */ = {
			isa = PBXSourcesBuildPhase;
			buildActionMask = 2147483647;
			files = (
				8032C84B2072A13700B26789 /* AppDelegate.swift in Sources */,
				8032C8612072F71500B26789 /* MenuViewController.swift in Sources */,
				8032C85D2072A22500B26789 /* UnidadeCurricular.swift in Sources */,
			);
			runOnlyForDeploymentPostprocessing = 0;
		};
/* End PBXSourcesBuildPhase section */

/* Begin PBXVariantGroup section */
		8032C84E2072A13700B26789 /* Main.storyboard */ = {
			isa = PBXVariantGroup;
			children = (
				8032C84F2072A13700B26789 /* Base */,
			);
			name = Main.storyboard;
			sourceTree = "<group>";
		};
		8032C8532072A13800B26789 /* LaunchScreen.storyboard */ = {
			isa = PBXVariantGroup;
			children = (
				8032C8542072A13800B26789 /* Base */,
			);
			name = LaunchScreen.storyboard;
			sourceTree = "<group>";
		};
/* End PBXVariantGroup section */

/* Begin XCBuildConfiguration section */
		8032C8572072A13800B26789 /* Debug */ = {
			isa = XCBuildConfiguration;
			buildSettings = {
				ALWAYS_SEARCH_USER_PATHS = NO;
				CLANG_ANALYZER_NONNULL = YES;
				CLANG_ANALYZER_NUMBER_OBJECT_CONVERSION = YES_AGGRESSIVE;
				CLANG_CXX_LANGUAGE_STANDARD = "gnu++14";
				CLANG_CXX_LIBRARY = "libc++";
				CLANG_ENABLE_MODULES = YES;
				CLANG_ENABLE_OBJC_ARC = YES;
				CLANG_ENABLE_OBJC_WEAK = YES;
				CLANG_WARN_BLOCK_CAPTURE_AUTORELEASING = YES;
				CLANG_WARN_BOOL_CONVERSION = YES;
				CLANG_WARN_COMMA = YES;
				CLANG_WARN_CONSTANT_CONVERSION = YES;
				CLANG_WARN_DEPRECATED_OBJC_IMPLEMENTATIONS = YES;
				CLANG_WARN_DIRECT_OBJC_ISA_USAGE = YES_ERROR;
				CLANG_WARN_DOCUMENTATION_COMMENTS = YES;
				CLANG_WARN_EMPTY_BODY = YES;
				CLANG_WARN_ENUM_CONVERSION = YES;
				CLANG_WARN_INFINITE_RECURSION = YES;
				CLANG_WARN_INT_CONVERSION = YES;
				CLANG_WARN_NON_LITERAL_NULL_CONVERSION = YES;
				CLANG_WARN_OBJC_IMPLICIT_RETAIN_SELF = YES;
				CLANG_WARN_OBJC_LITERAL_CONVERSION = YES;
				CLANG_WARN_OBJC_ROOT_CLASS = YES_ERROR;
				CLANG_WARN_RANGE_LOOP_ANALYSIS = YES;
				CLANG_WARN_STRICT_PROTOTYPES = YES;
				CLANG_WARN_SUSPICIOUS_MOVE = YES;
				CLANG_WARN_UNGUARDED_AVAILABILITY = YES_AGGRESSIVE;
				CLANG_WARN_UNREACHABLE_CODE = YES;
				CLANG_WARN__DUPLICATE_METHOD_MATCH = YES;
				CODE_SIGN_IDENTITY = "iPhone Developer";
				COPY_PHASE_STRIP = NO;
				DEBUG_INFORMATION_FORMAT = dwarf;
				ENABLE_STRICT_OBJC_MSGSEND = YES;
				ENABLE_TESTABILITY = YES;
				GCC_C_LANGUAGE_STANDARD = gnu11;
				GCC_DYNAMIC_NO_PIC = NO;
				GCC_NO_COMMON_BLOCKS = YES;
				GCC_OPTIMIZATION_LEVEL = 0;
				GCC_PREPROCESSOR_DEFINITIONS = (
					"DEBUG=1",
					"$(inherited)",
				);
				GCC_WARN_64_TO_32_BIT_CONVERSION = YES;
				GCC_WARN_ABOUT_RETURN_TYPE = YES_ERROR;
				GCC_WARN_UNDECLARED_SELECTOR = YES;
				GCC_WARN_UNINITIALIZED_AUTOS = YES_AGGRESSIVE;
				GCC_WARN_UNUSED_FUNCTION = YES;
				GCC_WARN_UNUSED_VARIABLE = YES;
				IPHONEOS_DEPLOYMENT_TARGET = 11.3;
				MTL_ENABLE_DEBUG_INFO = YES;
				ONLY_ACTIVE_ARCH = YES;
				SDKROOT = iphoneos;
				SWIFT_ACTIVE_COMPILATION_CONDITIONS = DEBUG;
				SWIFT_OPTIMIZATION_LEVEL = "-Onone";
			};
			name = Debug;
		};
		8032C8582072A13800B26789 /* Release */ = {
			isa = XCBuildConfiguration;
			buildSettings = {
				ALWAYS_SEARCH_USER_PATHS = NO;
				CLANG_ANALYZER_NONNULL = YES;
				CLANG_ANALYZER_NUMBER_OBJECT_CONVERSION = YES_AGGRESSIVE;
				CLANG_CXX_LANGUAGE_STANDARD = "gnu++14";
				CLANG_CXX_LIBRARY = "libc++";
				CLANG_ENABLE_MODULES = YES;
				CLANG_ENABLE_OBJC_ARC = YES;
				CLANG_ENABLE_OBJC_WEAK = YES;
				CLANG_WARN_BLOCK_CAPTURE_AUTORELEASING = YES;
				CLANG_WARN_BOOL_CONVERSION = YES;
				CLANG_WARN_COMMA = YES;
				CLANG_WARN_CONSTANT_CONVERSION = YES;
				CLANG_WARN_DEPRECATED_OBJC_IMPLEMENTATIONS = YES;
				CLANG_WARN_DIRECT_OBJC_ISA_USAGE = YES_ERROR;
				CLANG_WARN_DOCUMENTATION_COMMENTS = YES;
				CLANG_WARN_EMPTY_BODY = YES;
				CLANG_WARN_ENUM_CONVERSION = YES;
				CLANG_WARN_INFINITE_RECURSION = YES;
				CLANG_WARN_INT_CONVERSION = YES;
				CLANG_WARN_NON_LITERAL_NULL_CONVERSION = YES;
				CLANG_WARN_OBJC_IMPLICIT_RETAIN_SELF = YES;
				CLANG_WARN_OBJC_LITERAL_CONVERSION = YES;
				CLANG_WARN_OBJC_ROOT_CLASS = YES_ERROR;
				CLANG_WARN_RANGE_LOOP_ANALYSIS = YES;
				CLANG_WARN_STRICT_PROTOTYPES = YES;
				CLANG_WARN_SUSPICIOUS_MOVE = YES;
				CLANG_WARN_UNGUARDED_AVAILABILITY = YES_AGGRESSIVE;
				CLANG_WARN_UNREACHABLE_CODE = YES;
				CLANG_WARN__DUPLICATE_METHOD_MATCH = YES;
				CODE_SIGN_IDENTITY = "iPhone Developer";
				COPY_PHASE_STRIP = NO;
				DEBUG_INFORMATION_FORMAT = "dwarf-with-dsym";
				ENABLE_NS_ASSERTIONS = NO;
				ENABLE_STRICT_OBJC_MSGSEND = YES;
				GCC_C_LANGUAGE_STANDARD = gnu11;
				GCC_NO_COMMON_BLOCKS = YES;
				GCC_WARN_64_TO_32_BIT_CONVERSION = YES;
				GCC_WARN_ABOUT_RETURN_TYPE = YES_ERROR;
				GCC_WARN_UNDECLARED_SELECTOR = YES;
				GCC_WARN_UNINITIALIZED_AUTOS = YES_AGGRESSIVE;
				GCC_WARN_UNUSED_FUNCTION = YES;
				GCC_WARN_UNUSED_VARIABLE = YES;
				IPHONEOS_DEPLOYMENT_TARGET = 11.3;
				MTL_ENABLE_DEBUG_INFO = NO;
				SDKROOT = iphoneos;
				SWIFT_COMPILATION_MODE = wholemodule;
				SWIFT_OPTIMIZATION_LEVEL = "-O";
				VALIDATE_PRODUCT = YES;
			};
			name = Release;
		};
		8032C85A2072A13800B26789 /* Debug */ = {
			isa = XCBuildConfiguration;
			baseConfigurationReference = D377B2BF3385FA0777FF2633 /* Pods-Media_LEI.debug.xcconfig */;
			buildSettings = {
				ASSETCATALOG_COMPILER_APPICON_NAME = AppIcon;
				CODE_SIGN_STYLE = Automatic;
				DEVELOPMENT_TEAM = XT4YN826M2;
				INFOPLIST_FILE = Media_LEI/Info.plist;
				IPHONEOS_DEPLOYMENT_TARGET = 10.0;
				LD_RUNPATH_SEARCH_PATHS = "$(inherited) @executable_path/Frameworks";
				PRODUCT_BUNDLE_IDENTIFIER = "pt.tpedroso.Media-LEI";
				PRODUCT_NAME = "$(TARGET_NAME)";
				SWIFT_VERSION = 4.0;
				TARGETED_DEVICE_FAMILY = 1;
			};
			name = Debug;
		};
		8032C85B2072A13800B26789 /* Release */ = {
			isa = XCBuildConfiguration;
			baseConfigurationReference = DB65358CC16383349DB3CAD3 /* Pods-Media_LEI.release.xcconfig */;
			buildSettings = {
				ASSETCATALOG_COMPILER_APPICON_NAME = AppIcon;
				CODE_SIGN_STYLE = Automatic;
				DEVELOPMENT_TEAM = XT4YN826M2;
				INFOPLIST_FILE = Media_LEI/Info.plist;
				IPHONEOS_DEPLOYMENT_TARGET = 10.0;
				LD_RUNPATH_SEARCH_PATHS = "$(inherited) @executable_path/Frameworks";
				PRODUCT_BUNDLE_IDENTIFIER = "pt.tpedroso.Media-LEI";
				PRODUCT_NAME = "$(TARGET_NAME)";
				SWIFT_VERSION = 4.0;
				TARGETED_DEVICE_FAMILY = 1;
			};
			name = Release;
		};
/* End XCBuildConfiguration section */

/* Begin XCConfigurationList section */
		8032C8422072A13700B26789 /* Build configuration list for PBXProject "Media_LEI" */ = {
			isa = XCConfigurationList;
			buildConfigurations = (
				8032C8572072A13800B26789 /* Debug */,
				8032C8582072A13800B26789 /* Release */,
			);
			defaultConfigurationIsVisible = 0;
			defaultConfigurationName = Release;
		};
		8032C8592072A13800B26789 /* Build configuration list for PBXNativeTarget "Media_LEI" */ = {
			isa = XCConfigurationList;
			buildConfigurations = (
				8032C85A2072A13800B26789 /* Debug */,
				8032C85B2072A13800B26789 /* Release */,
			);
			defaultConfigurationIsVisible = 0;
			defaultConfigurationName = Release;
		};
/* End XCConfigurationList section */
	};
	rootObject = 8032C83F2072A13700B26789 /* Project object */;
}
