// !$*UTF8*$!
{
	archiveVersion = 1;
	classes = {
	};
	objectVersion = 48;
	objects = {

/* Begin PBXBuildFile section */
		69CCF9E32072204B0010A786 /* AppDelegate.swift in Sources */ = {isa = PBXBuildFile; fileRef = 69CCF9E22072204B0010A786 /* AppDelegate.swift */; };
		69CCF9E52072204B0010A786 /* ViewController.swift in Sources */ = {isa = PBXBuildFile; fileRef = 69CCF9E42072204B0010A786 /* ViewController.swift */; };
		69CCF9E82072204B0010A786 /* Main.storyboard in Resources */ = {isa = PBXBuildFile; fileRef = 69CCF9E62072204B0010A786 /* Main.storyboard */; };
		69CCF9EA2072204B0010A786 /* Assets.xcassets in Resources */ = {isa = PBXBuildFile; fileRef = 69CCF9E92072204B0010A786 /* Assets.xcassets */; };
		69CCF9ED2072204B0010A786 /* LaunchScreen.storyboard in Resources */ = {isa = PBXBuildFile; fileRef = 69CCF9EB2072204B0010A786 /* LaunchScreen.storyboard */; };
/* End PBXBuildFile section */

/* Begin PBXFileReference section */
		69CCF9DF2072204B0010A786 /* Calculadora_Media_LEi.app */ = {isa = PBXFileReference; explicitFileType = wrapper.application; includeInIndex = 0; path = Calculadora_Media_LEi.app; sourceTree = BUILT_PRODUCTS_DIR; };
		69CCF9E22072204B0010A786 /* AppDelegate.swift */ = {isa = PBXFileReference; lastKnownFileType = sourcecode.swift; path = AppDelegate.swift; sourceTree = "<group>"; };
		69CCF9E42072204B0010A786 /* ViewController.swift */ = {isa = PBXFileReference; lastKnownFileType = sourcecode.swift; path = ViewController.swift; sourceTree = "<group>"; };
		69CCF9E72072204B0010A786 /* Base */ = {isa = PBXFileReference; lastKnownFileType = file.storyboard; name = Base; path = Base.lproj/Main.storyboard; sourceTree = "<group>"; };
		69CCF9E92072204B0010A786 /* Assets.xcassets */ = {isa = PBXFileReference; lastKnownFileType = folder.assetcatalog; path = Assets.xcassets; sourceTree = "<group>"; };
		69CCF9EC2072204B0010A786 /* Base */ = {isa = PBXFileReference; lastKnownFileType = file.storyboard; name = Base; path = Base.lproj/LaunchScreen.storyboard; sourceTree = "<group>"; };
		69CCF9EE2072204B0010A786 /* Info.plist */ = {isa = PBXFileReference; lastKnownFileType = text.plist.xml; path = Info.plist; sourceTree = "<group>"; };
/* End PBXFileReference section */

/* Begin PBXFrameworksBuildPhase section */
		69CCF9DC2072204B0010A786 /* Frameworks */ = {
			isa = PBXFrameworksBuildPhase;
			buildActionMask = 2147483647;
			files = (
			);
			runOnlyForDeploymentPostprocessing = 0;
		};
/* End PBXFrameworksBuildPhase section */

/* Begin PBXGroup section */
		69CCF9D62072204B0010A786 = {
			isa = PBXGroup;
			children = (
				69CCF9E12072204B0010A786 /* Calculadora_Media_LEi */,
				69CCF9E02072204B0010A786 /* Products */,
			);
			sourceTree = "<group>";
		};
		69CCF9E02072204B0010A786 /* Products */ = {
			isa = PBXGroup;
			children = (
				69CCF9DF2072204B0010A786 /* Calculadora_Media_LEi.app */,
			);
			name = Products;
			sourceTree = "<group>";
		};
		69CCF9E12072204B0010A786 /* Calculadora_Media_LEi */ = {
			isa = PBXGroup;
			children = (
				69CCF9E22072204B0010A786 /* AppDelegate.swift */,
				69CCF9E42072204B0010A786 /* ViewController.swift */,
				69CCF9E62072204B0010A786 /* Main.storyboard */,
				69CCF9E92072204B0010A786 /* Assets.xcassets */,
				69CCF9EB2072204B0010A786 /* LaunchScreen.storyboard */,
				69CCF9EE2072204B0010A786 /* Info.plist */,
			);
			path = Calculadora_Media_LEi;
			sourceTree = "<group>";
		};
/* End PBXGroup section */

/* Begin PBXNativeTarget section */
		69CCF9DE2072204B0010A786 /* Calculadora_Media_LEi */ = {
			isa = PBXNativeTarget;
			buildConfigurationList = 69CCF9F12072204B0010A786 /* Build configuration list for PBXNativeTarget "Calculadora_Media_LEi" */;
			buildPhases = (
				69CCF9DB2072204B0010A786 /* Sources */,
				69CCF9DC2072204B0010A786 /* Frameworks */,
				69CCF9DD2072204B0010A786 /* Resources */,
			);
			buildRules = (
			);
			dependencies = (
			);
			name = Calculadora_Media_LEi;
			productName = Calculadora_Media_LEi;
			productReference = 69CCF9DF2072204B0010A786 /* Calculadora_Media_LEi.app */;
			productType = "com.apple.product-type.application";
		};
/* End PBXNativeTarget section */

/* Begin PBXProject section */
		69CCF9D72072204B0010A786 /* Project object */ = {
			isa = PBXProject;
			attributes = {
				LastSwiftUpdateCheck = 0920;
				LastUpgradeCheck = 0920;
				ORGANIZATIONNAME = "iClio S.A.";
				TargetAttributes = {
					69CCF9DE2072204B0010A786 = {
						CreatedOnToolsVersion = 9.2;
						ProvisioningStyle = Automatic;
					};
				};
			};
			buildConfigurationList = 69CCF9DA2072204B0010A786 /* Build configuration list for PBXProject "Calculadora_Media_LEi" */;
			compatibilityVersion = "Xcode 8.0";
			developmentRegion = en;
			hasScannedForEncodings = 0;
			knownRegions = (
				en,
				Base,
			);
			mainGroup = 69CCF9D62072204B0010A786;
			productRefGroup = 69CCF9E02072204B0010A786 /* Products */;
			projectDirPath = "";
			projectRoot = "";
			targets = (
				69CCF9DE2072204B0010A786 /* Calculadora_Media_LEi */,
			);
		};
/* End PBXProject section */

/* Begin PBXResourcesBuildPhase section */
		69CCF9DD2072204B0010A786 /* Resources */ = {
			isa = PBXResourcesBuildPhase;
			buildActionMask = 2147483647;
			files = (
				69CCF9ED2072204B0010A786 /* LaunchScreen.storyboard in Resources */,
				69CCF9EA2072204B0010A786 /* Assets.xcassets in Resources */,
				69CCF9E82072204B0010A786 /* Main.storyboard in Resources */,
			);
			runOnlyForDeploymentPostprocessing = 0;
		};
/* End PBXResourcesBuildPhase section */

/* Begin PBXSourcesBuildPhase section */
		69CCF9DB2072204B0010A786 /* Sources */ = {
			isa = PBXSourcesBuildPhase;
			buildActionMask = 2147483647;
			files = (
				69CCF9E52072204B0010A786 /* ViewController.swift in Sources */,
				69CCF9E32072204B0010A786 /* AppDelegate.swift in Sources */,
			);
			runOnlyForDeploymentPostprocessing = 0;
		};
/* End PBXSourcesBuildPhase section */

/* Begin PBXVariantGroup section */
		69CCF9E62072204B0010A786 /* Main.storyboard */ = {
			isa = PBXVariantGroup;
			children = (
				69CCF9E72072204B0010A786 /* Base */,
			);
			name = Main.storyboard;
			sourceTree = "<group>";
		};
		69CCF9EB2072204B0010A786 /* LaunchScreen.storyboard */ = {
			isa = PBXVariantGroup;
			children = (
				69CCF9EC2072204B0010A786 /* Base */,
			);
			name = LaunchScreen.storyboard;
			sourceTree = "<group>";
		};
/* End PBXVariantGroup section */

/* Begin XCBuildConfiguration section */
		69CCF9EF2072204B0010A786 /* Debug */ = {
			isa = XCBuildConfiguration;
			buildSettings = {
				ALWAYS_SEARCH_USER_PATHS = NO;
				CLANG_ANALYZER_NONNULL = YES;
				CLANG_ANALYZER_NUMBER_OBJECT_CONVERSION = YES_AGGRESSIVE;
				CLANG_CXX_LANGUAGE_STANDARD = "gnu++14";
				CLANG_CXX_LIBRARY = "libc++";
				CLANG_ENABLE_MODULES = YES;
				CLANG_ENABLE_OBJC_ARC = YES;
				CLANG_WARN_BLOCK_CAPTURE_AUTORELEASING = YES;
				CLANG_WARN_BOOL_CONVERSION = YES;
				CLANG_WARN_COMMA = YES;
				CLANG_WARN_CONSTANT_CONVERSION = YES;
				CLANG_WARN_DIRECT_OBJC_ISA_USAGE = YES_ERROR;
				CLANG_WARN_DOCUMENTATION_COMMENTS = YES;
				CLANG_WARN_EMPTY_BODY = YES;
				CLANG_WARN_ENUM_CONVERSION = YES;
				CLANG_WARN_INFINITE_RECURSION = YES;
				CLANG_WARN_INT_CONVERSION = YES;
				CLANG_WARN_NON_LITERAL_NULL_CONVERSION = YES;
				CLANG_WARN_OBJC_LITERAL_CONVERSION = YES;
				CLANG_WARN_OBJC_ROOT_CLASS = YES_ERROR;
				CLANG_WARN_RANGE_LOOP_ANALYSIS = YES;
				CLANG_WARN_STRICT_PROTOTYPES = YES;
				CLANG_WARN_SUSPICIOUS_MOVE = YES;
				CLANG_WARN_UNGUARDED_AVAILABILITY = YES_AGGRESSIVE;
				CLANG_WARN_UNREACHABLE_CODE = YES;
				CLANG_WARN__DUPLICATE_METHOD_MATCH = YES;
				CODE_SIGN_IDENTITY = "iPhone Developer";
				COPY_PHASE_STRIP = NO;
				DEBUG_INFORMATION_FORMAT = dwarf;
				ENABLE_STRICT_OBJC_MSGSEND = YES;
				ENABLE_TESTABILITY = YES;
				GCC_C_LANGUAGE_STANDARD = gnu11;
				GCC_DYNAMIC_NO_PIC = NO;
				GCC_NO_COMMON_BLOCKS = YES;
				GCC_OPTIMIZATION_LEVEL = 0;
				GCC_PREPROCESSOR_DEFINITIONS = (
					"DEBUG=1",
					"$(inherited)",
				);
				GCC_WARN_64_TO_32_BIT_CONVERSION = YES;
				GCC_WARN_ABOUT_RETURN_TYPE = YES_ERROR;
				GCC_WARN_UNDECLARED_SELECTOR = YES;
				GCC_WARN_UNINITIALIZED_AUTOS = YES_AGGRESSIVE;
				GCC_WARN_UNUSED_FUNCTION = YES;
				GCC_WARN_UNUSED_VARIABLE = YES;
				IPHONEOS_DEPLOYMENT_TARGET = 11.2;
				MTL_ENABLE_DEBUG_INFO = YES;
				ONLY_ACTIVE_ARCH = YES;
				SDKROOT = iphoneos;
				SWIFT_ACTIVE_COMPILATION_CONDITIONS = DEBUG;
				SWIFT_OPTIMIZATION_LEVEL = "-Onone";
			};
			name = Debug;
		};
		69CCF9F02072204B0010A786 /* Release */ = {
			isa = XCBuildConfiguration;
			buildSettings = {
				ALWAYS_SEARCH_USER_PATHS = NO;
				CLANG_ANALYZER_NONNULL = YES;
				CLANG_ANALYZER_NUMBER_OBJECT_CONVERSION = YES_AGGRESSIVE;
				CLANG_CXX_LANGUAGE_STANDARD = "gnu++14";
				CLANG_CXX_LIBRARY = "libc++";
				CLANG_ENABLE_MODULES = YES;
				CLANG_ENABLE_OBJC_ARC = YES;
				CLANG_WARN_BLOCK_CAPTURE_AUTORELEASING = YES;
				CLANG_WARN_BOOL_CONVERSION = YES;
				CLANG_WARN_COMMA = YES;
				CLANG_WARN_CONSTANT_CONVERSION = YES;
				CLANG_WARN_DIRECT_OBJC_ISA_USAGE = YES_ERROR;
				CLANG_WARN_DOCUMENTATION_COMMENTS = YES;
				CLANG_WARN_EMPTY_BODY = YES;
				CLANG_WARN_ENUM_CONVERSION = YES;
				CLANG_WARN_INFINITE_RECURSION = YES;
				CLANG_WARN_INT_CONVERSION = YES;
				CLANG_WARN_NON_LITERAL_NULL_CONVERSION = YES;
				CLANG_WARN_OBJC_LITERAL_CONVERSION = YES;
				CLANG_WARN_OBJC_ROOT_CLASS = YES_ERROR;
				CLANG_WARN_RANGE_LOOP_ANALYSIS = YES;
				CLANG_WARN_STRICT_PROTOTYPES = YES;
				CLANG_WARN_SUSPICIOUS_MOVE = YES;
				CLANG_WARN_UNGUARDED_AVAILABILITY = YES_AGGRESSIVE;
				CLANG_WARN_UNREACHABLE_CODE = YES;
				CLANG_WARN__DUPLICATE_METHOD_MATCH = YES;
				CODE_SIGN_IDENTITY = "iPhone Developer";
				COPY_PHASE_STRIP = NO;
				DEBUG_INFORMATION_FORMAT = "dwarf-with-dsym";
				ENABLE_NS_ASSERTIONS = NO;
				ENABLE_STRICT_OBJC_MSGSEND = YES;
				GCC_C_LANGUAGE_STANDARD = gnu11;
				GCC_NO_COMMON_BLOCKS = YES;
				GCC_WARN_64_TO_32_BIT_CONVERSION = YES;
				GCC_WARN_ABOUT_RETURN_TYPE = YES_ERROR;
				GCC_WARN_UNDECLARED_SELECTOR = YES;
				GCC_WARN_UNINITIALIZED_AUTOS = YES_AGGRESSIVE;
				GCC_WARN_UNUSED_FUNCTION = YES;
				GCC_WARN_UNUSED_VARIABLE = YES;
				IPHONEOS_DEPLOYMENT_TARGET = 11.2;
				MTL_ENABLE_DEBUG_INFO = NO;
				SDKROOT = iphoneos;
				SWIFT_OPTIMIZATION_LEVEL = "-Owholemodule";
				VALIDATE_PRODUCT = YES;
			};
			name = Release;
		};
		69CCF9F22072204B0010A786 /* Debug */ = {
			isa = XCBuildConfiguration;
			buildSettings = {
				ASSETCATALOG_COMPILER_APPICON_NAME = AppIcon;
				CODE_SIGN_STYLE = Automatic;
				DEVELOPMENT_TEAM = AUBB353JX7;
				INFOPLIST_FILE = Calculadora_Media_LEi/Info.plist;
				IPHONEOS_DEPLOYMENT_TARGET = 10.0;
				LD_RUNPATH_SEARCH_PATHS = "$(inherited) @executable_path/Frameworks";
				PRODUCT_BUNDLE_IDENTIFIER = "com.iclio.Calculadora-Media-LEi";
				PRODUCT_NAME = "$(TARGET_NAME)";
				SWIFT_VERSION = 4.0;
				TARGETED_DEVICE_FAMILY = "1,2";
			};
			name = Debug;
		};
		69CCF9F32072204B0010A786 /* Release */ = {
			isa = XCBuildConfiguration;
			buildSettings = {
				ASSETCATALOG_COMPILER_APPICON_NAME = AppIcon;
				CODE_SIGN_STYLE = Automatic;
				DEVELOPMENT_TEAM = AUBB353JX7;
				INFOPLIST_FILE = Calculadora_Media_LEi/Info.plist;
				IPHONEOS_DEPLOYMENT_TARGET = 10.0;
				LD_RUNPATH_SEARCH_PATHS = "$(inherited) @executable_path/Frameworks";
				PRODUCT_BUNDLE_IDENTIFIER = "com.iclio.Calculadora-Media-LEi";
				PRODUCT_NAME = "$(TARGET_NAME)";
				SWIFT_VERSION = 4.0;
				TARGETED_DEVICE_FAMILY = "1,2";
			};
			name = Release;
		};
/* End XCBuildConfiguration section */

/* Begin XCConfigurationList section */
		69CCF9DA2072204B0010A786 /* Build configuration list for PBXProject "Calculadora_Media_LEi" */ = {
			isa = XCConfigurationList;
			buildConfigurations = (
				69CCF9EF2072204B0010A786 /* Debug */,
				69CCF9F02072204B0010A786 /* Release */,
			);
			defaultConfigurationIsVisible = 0;
			defaultConfigurationName = Release;
		};
		69CCF9F12072204B0010A786 /* Build configuration list for PBXNativeTarget "Calculadora_Media_LEi" */ = {
			isa = XCConfigurationList;
			buildConfigurations = (
				69CCF9F22072204B0010A786 /* Debug */,
				69CCF9F32072204B0010A786 /* Release */,
			);
			defaultConfigurationIsVisible = 0;
			defaultConfigurationName = Release;
		};
/* End XCConfigurationList section */
	};
	rootObject = 69CCF9D72072204B0010A786 /* Project object */;
}
